// !$*UTF8*$!
{
	archiveVersion = 1;
	classes = {
	};
	objectVersion = 46;
	objects = {

/* Begin PBXBuildFile section */
		04E9CCBB1C9A96C900FA32B9 /* main.m in Sources */ = {isa = PBXBuildFile; fileRef = 04E9CCBA1C9A96C900FA32B9 /* main.m */; };
		04E9CCBE1C9A96C900FA32B9 /* AppDelegate.m in Sources */ = {isa = PBXBuildFile; fileRef = 04E9CCBD1C9A96C900FA32B9 /* AppDelegate.m */; };
		04E9CCC11C9A96C900FA32B9 /* ViewController.m in Sources */ = {isa = PBXBuildFile; fileRef = 04E9CCC01C9A96C900FA32B9 /* ViewController.m */; };
		04E9CCC41C9A96C900FA32B9 /* Main.storyboard in Resources */ = {isa = PBXBuildFile; fileRef = 04E9CCC21C9A96C900FA32B9 /* Main.storyboard */; };
		04E9CCC61C9A96C900FA32B9 /* Assets.xcassets in Resources */ = {isa = PBXBuildFile; fileRef = 04E9CCC51C9A96C900FA32B9 /* Assets.xcassets */; };
		04E9CCC91C9A96C900FA32B9 /* LaunchScreen.storyboard in Resources */ = {isa = PBXBuildFile; fileRef = 04E9CCC71C9A96C900FA32B9 /* LaunchScreen.storyboard */; };
		04E9CCD11C9A96E500FA32B9 /* File.rtf in Resources */ = {isa = PBXBuildFile; fileRef = 04E9CCD01C9A96E500FA32B9 /* File.rtf */; };
		04E9CCD61C9A9A4500FA32B9 /* InfoPlist.strings in Resources */ = {isa = PBXBuildFile; fileRef = 04E9CCD81C9A9A4500FA32B9 /* InfoPlist.strings */; };
		04E9CCE41C9AA1F900FA32B9 /* Localizable.strings in Resources */ = {isa = PBXBuildFile; fileRef = 04E9CCE61C9AA1F900FA32B9 /* Localizable.strings */; };
		04E9CCEC1C9AA2CA00FA32B9 /* 2.png in Resources */ = {isa = PBXBuildFile; fileRef = 04E9CCEA1C9AA2CA00FA32B9 /* 2.png */; };
		04E9CCED1C9AA2EA00FA32B9 /* 1.png in Resources */ = {isa = PBXBuildFile; fileRef = 04E9CCEF1C9AA2EA00FA32B9 /* 1.png */; };
/* End PBXBuildFile section */

/* Begin PBXFileReference section */
		04E9CCB61C9A96C900FA32B9 /* Internationalization.app */ = {isa = PBXFileReference; explicitFileType = wrapper.application; includeInIndex = 0; path = Internationalization.app; sourceTree = BUILT_PRODUCTS_DIR; };
		04E9CCBA1C9A96C900FA32B9 /* main.m */ = {isa = PBXFileReference; lastKnownFileType = sourcecode.c.objc; path = main.m; sourceTree = "<group>"; };
		04E9CCBC1C9A96C900FA32B9 /* AppDelegate.h */ = {isa = PBXFileReference; lastKnownFileType = sourcecode.c.h; path = AppDelegate.h; sourceTree = "<group>"; };
		04E9CCBD1C9A96C900FA32B9 /* AppDelegate.m */ = {isa = PBXFileReference; lastKnownFileType = sourcecode.c.objc; path = AppDelegate.m; sourceTree = "<group>"; };
		04E9CCBF1C9A96C900FA32B9 /* ViewController.h */ = {isa = PBXFileReference; lastKnownFileType = sourcecode.c.h; path = ViewController.h; sourceTree = "<group>"; };
		04E9CCC01C9A96C900FA32B9 /* ViewController.m */ = {isa = PBXFileReference; lastKnownFileType = sourcecode.c.objc; path = ViewController.m; sourceTree = "<group>"; };
		04E9CCC31C9A96C900FA32B9 /* Base */ = {isa = PBXFileReference; lastKnownFileType = file.storyboard; name = Base; path = Base.lproj/Main.storyboard; sourceTree = "<group>"; };
		04E9CCC51C9A96C900FA32B9 /* Assets.xcassets */ = {isa = PBXFileReference; lastKnownFileType = folder.assetcatalog; path = Assets.xcassets; sourceTree = "<group>"; };
		04E9CCC81C9A96C900FA32B9 /* Base */ = {isa = PBXFileReference; lastKnownFileType = file.storyboard; name = Base; path = Base.lproj/LaunchScreen.storyboard; sourceTree = "<group>"; };
		04E9CCCA1C9A96C900FA32B9 /* Info.plist */ = {isa = PBXFileReference; lastKnownFileType = text.plist.xml; path = Info.plist; sourceTree = "<group>"; };
		04E9CCD01C9A96E500FA32B9 /* File.rtf */ = {isa = PBXFileReference; fileEncoding = 4; lastKnownFileType = text.rtf; path = File.rtf; sourceTree = "<group>"; };
		04E9CCD21C9A997600FA32B9 /* zh-Hans */ = {isa = PBXFileReference; lastKnownFileType = text.plist.strings; name = "zh-Hans"; path = "zh-Hans.lproj/Main.strings"; sourceTree = "<group>"; };
		04E9CCD31C9A997600FA32B9 /* zh-Hans */ = {isa = PBXFileReference; lastKnownFileType = text.plist.strings; name = "zh-Hans"; path = "zh-Hans.lproj/LaunchScreen.strings"; sourceTree = "<group>"; };
		04E9CCD71C9A9A4500FA32B9 /* Base */ = {isa = PBXFileReference; lastKnownFileType = text.plist.strings; name = Base; path = Base.lproj/InfoPlist.strings; sourceTree = "<group>"; };
		04E9CCD91C9A9A5E00FA32B9 /* en */ = {isa = PBXFileReference; lastKnownFileType = text.plist.strings; name = en; path = en.lproj/InfoPlist.strings; sourceTree = "<group>"; };
		04E9CCDA1C9A9A6000FA32B9 /* zh-Hans */ = {isa = PBXFileReference; lastKnownFileType = text.plist.strings; name = "zh-Hans"; path = "zh-Hans.lproj/InfoPlist.strings"; sourceTree = "<group>"; };
		04E9CCE51C9AA1F900FA32B9 /* Base */ = {isa = PBXFileReference; lastKnownFileType = text.plist.strings; name = Base; path = Base.lproj/Localizable.strings; sourceTree = "<group>"; };
		04E9CCE71C9AA1FB00FA32B9 /* en */ = {isa = PBXFileReference; lastKnownFileType = text.plist.strings; name = en; path = en.lproj/Localizable.strings; sourceTree = "<group>"; };
		04E9CCE81C9AA1FB00FA32B9 /* zh-Hans */ = {isa = PBXFileReference; lastKnownFileType = text.plist.strings; name = "zh-Hans"; path = "zh-Hans.lproj/Localizable.strings"; sourceTree = "<group>"; };
		04E9CCEA1C9AA2CA00FA32B9 /* 2.png */ = {isa = PBXFileReference; lastKnownFileType = image.png; path = 2.png; sourceTree = "<group>"; };
		04E9CCEE1C9AA2EA00FA32B9 /* Base */ = {isa = PBXFileReference; lastKnownFileType = image.png; name = Base; path = Base.lproj/1.png; sourceTree = "<group>"; };
		04E9CCF01C9AA2EC00FA32B9 /* en */ = {isa = PBXFileReference; lastKnownFileType = image.png; name = en; path = en.lproj/1.png; sourceTree = "<group>"; };
		04E9CCF11C9AA2ED00FA32B9 /* zh-Hans */ = {isa = PBXFileReference; lastKnownFileType = image.png; name = "zh-Hans"; path = "zh-Hans.lproj/1.png"; sourceTree = "<group>"; };
/* End PBXFileReference section */

/* Begin PBXFrameworksBuildPhase section */
		04E9CCB31C9A96C800FA32B9 /* Frameworks */ = {
			isa = PBXFrameworksBuildPhase;
			buildActionMask = 2147483647;
			files = (
			);
			runOnlyForDeploymentPostprocessing = 0;
		};
/* End PBXFrameworksBuildPhase section */

/* Begin PBXGroup section */
		04E9CCAD1C9A96C800FA32B9 = {
			isa = PBXGroup;
			children = (
				04E9CCB81C9A96C900FA32B9 /* Internationalization */,
				04E9CCB71C9A96C900FA32B9 /* Products */,
			);
			sourceTree = "<group>";
		};
		04E9CCB71C9A96C900FA32B9 /* Products */ = {
			isa = PBXGroup;
			children = (
				04E9CCB61C9A96C900FA32B9 /* Internationalization.app */,
			);
			name = Products;
			sourceTree = "<group>";
		};
		04E9CCB81C9A96C900FA32B9 /* Internationalization */ = {
			isa = PBXGroup;
			children = (
				04E9CCBC1C9A96C900FA32B9 /* AppDelegate.h */,
				04E9CCBD1C9A96C900FA32B9 /* AppDelegate.m */,
				04E9CCEF1C9AA2EA00FA32B9 /* 1.png */,
				04E9CCEA1C9AA2CA00FA32B9 /* 2.png */,
				04E9CCBF1C9A96C900FA32B9 /* ViewController.h */,
				04E9CCC01C9A96C900FA32B9 /* ViewController.m */,
				04E9CCC21C9A96C900FA32B9 /* Main.storyboard */,
				04E9CCC51C9A96C900FA32B9 /* Assets.xcassets */,
				04E9CCC71C9A96C900FA32B9 /* LaunchScreen.storyboard */,
				04E9CCCA1C9A96C900FA32B9 /* Info.plist */,
				04E9CCD81C9A9A4500FA32B9 /* InfoPlist.strings */,
				04E9CCE61C9AA1F900FA32B9 /* Localizable.strings */,
				04E9CCB91C9A96C900FA32B9 /* Supporting Files */,
				04E9CCD01C9A96E500FA32B9 /* File.rtf */,
			);
			path = Internationalization;
			sourceTree = "<group>";
		};
		04E9CCB91C9A96C900FA32B9 /* Supporting Files */ = {
			isa = PBXGroup;
			children = (
				04E9CCBA1C9A96C900FA32B9 /* main.m */,
			);
			name = "Supporting Files";
			sourceTree = "<group>";
		};
/* End PBXGroup section */

/* Begin PBXNativeTarget section */
		04E9CCB51C9A96C800FA32B9 /* Internationalization */ = {
			isa = PBXNativeTarget;
			buildConfigurationList = 04E9CCCD1C9A96C900FA32B9 /* Build configuration list for PBXNativeTarget "Internationalization" */;
			buildPhases = (
				04E9CCB21C9A96C800FA32B9 /* Sources */,
				04E9CCB31C9A96C800FA32B9 /* Frameworks */,
				04E9CCB41C9A96C800FA32B9 /* Resources */,
			);
			buildRules = (
			);
			dependencies = (
			);
			name = Internationalization;
			productName = Internationalization;
			productReference = 04E9CCB61C9A96C900FA32B9 /* Internationalization.app */;
			productType = "com.apple.product-type.application";
		};
/* End PBXNativeTarget section */

/* Begin PBXProject section */
		04E9CCAE1C9A96C800FA32B9 /* Project object */ = {
			isa = PBXProject;
			attributes = {
				LastUpgradeCheck = 0720;
				ORGANIZATIONNAME = Seven;
				TargetAttributes = {
					04E9CCB51C9A96C800FA32B9 = {
						CreatedOnToolsVersion = 7.2;
					};
				};
			};
			buildConfigurationList = 04E9CCB11C9A96C800FA32B9 /* Build configuration list for PBXProject "Internationalization" */;
			compatibilityVersion = "Xcode 3.2";
			developmentRegion = English;
			hasScannedForEncodings = 0;
			knownRegions = (
				en,
				Base,
				"zh-Hans",
			);
			mainGroup = 04E9CCAD1C9A96C800FA32B9;
			productRefGroup = 04E9CCB71C9A96C900FA32B9 /* Products */;
			projectDirPath = "";
			projectRoot = "";
			targets = (
				04E9CCB51C9A96C800FA32B9 /* Internationalization */,
			);
		};
/* End PBXProject section */

/* Begin PBXResourcesBuildPhase section */
		04E9CCB41C9A96C800FA32B9 /* Resources */ = {
			isa = PBXResourcesBuildPhase;
			buildActionMask = 2147483647;
			files = (
				04E9CCC91C9A96C900FA32B9 /* LaunchScreen.storyboard in Resources */,
				04E9CCE41C9AA1F900FA32B9 /* Localizable.strings in Resources */,
				04E9CCEC1C9AA2CA00FA32B9 /* 2.png in Resources */,
				04E9CCC61C9A96C900FA32B9 /* Assets.xcassets in Resources */,
				04E9CCD11C9A96E500FA32B9 /* File.rtf in Resources */,
				04E9CCC41C9A96C900FA32B9 /* Main.storyboard in Resources */,
				04E9CCD61C9A9A4500FA32B9 /* InfoPlist.strings in Resources */,
				04E9CCED1C9AA2EA00FA32B9 /* 1.png in Resources */,
			);
			runOnlyForDeploymentPostprocessing = 0;
		};
/* End PBXResourcesBuildPhase section */

/* Begin PBXSourcesBuildPhase section */
		04E9CCB21C9A96C800FA32B9 /* Sources */ = {
			isa = PBXSourcesBuildPhase;
			buildActionMask = 2147483647;
			files = (
				04E9CCC11C9A96C900FA32B9 /* ViewController.m in Sources */,
				04E9CCBE1C9A96C900FA32B9 /* AppDelegate.m in Sources */,
				04E9CCBB1C9A96C900FA32B9 /* main.m in Sources */,
			);
			runOnlyForDeploymentPostprocessing = 0;
		};
/* End PBXSourcesBuildPhase section */

/* Begin PBXVariantGroup section */
		04E9CCC21C9A96C900FA32B9 /* Main.storyboard */ = {
			isa = PBXVariantGroup;
			children = (
				04E9CCC31C9A96C900FA32B9 /* Base */,
				04E9CCD21C9A997600FA32B9 /* zh-Hans */,
			);
			name = Main.storyboard;
			sourceTree = "<group>";
		};
		04E9CCC71C9A96C900FA32B9 /* LaunchScreen.storyboard */ = {
			isa = PBXVariantGroup;
			children = (
				04E9CCC81C9A96C900FA32B9 /* Base */,
				04E9CCD31C9A997600FA32B9 /* zh-Hans */,
			);
			name = LaunchScreen.storyboard;
			sourceTree = "<group>";
		};
		04E9CCD81C9A9A4500FA32B9 /* InfoPlist.strings */ = {
			isa = PBXVariantGroup;
			children = (
				04E9CCD71C9A9A4500FA32B9 /* Base */,
				04E9CCD91C9A9A5E00FA32B9 /* en */,
				04E9CCDA1C9A9A6000FA32B9 /* zh-Hans */,
			);
			name = InfoPlist.strings;
			sourceTree = "<group>";
		};
		04E9CCE61C9AA1F900FA32B9 /* Localizable.strings */ = {
			isa = PBXVariantGroup;
			children = (
				04E9CCE51C9AA1F900FA32B9 /* Base */,
				04E9CCE71C9AA1FB00FA32B9 /* en */,
				04E9CCE81C9AA1FB00FA32B9 /* zh-Hans */,
			);
			name = Localizable.strings;
			sourceTree = "<group>";
		};
		04E9CCEF1C9AA2EA00FA32B9 /* 1.png */ = {
			isa = PBXVariantGroup;
			children = (
				04E9CCEE1C9AA2EA00FA32B9 /* Base */,
				04E9CCF01C9AA2EC00FA32B9 /* en */,
				04E9CCF11C9AA2ED00FA32B9 /* zh-Hans */,
			);
			name = 1.png;
			sourceTree = "<group>";
		};
/* End PBXVariantGroup section */

/* Begin XCBuildConfiguration section */
		04E9CCCB1C9A96C900FA32B9 /* Debug */ = {
			isa = XCBuildConfiguration;
			buildSettings = {
				ALWAYS_SEARCH_USER_PATHS = NO;
				CLANG_CXX_LANGUAGE_STANDARD = "gnu++0x";
				CLANG_CXX_LIBRARY = "libc++";
				CLANG_ENABLE_MODULES = YES;
				CLANG_ENABLE_OBJC_ARC = YES;
				CLANG_WARN_BOOL_CONVERSION = YES;
				CLANG_WARN_CONSTANT_CONVERSION = YES;
				CLANG_WARN_DIRECT_OBJC_ISA_USAGE = YES_ERROR;
				CLANG_WARN_EMPTY_BODY = YES;
				CLANG_WARN_ENUM_CONVERSION = YES;
				CLANG_WARN_INT_CONVERSION = YES;
				CLANG_WARN_OBJC_ROOT_CLASS = YES_ERROR;
				CLANG_WARN_UNREACHABLE_CODE = YES;
				CLANG_WARN__DUPLICATE_METHOD_MATCH = YES;
				"CODE_SIGN_IDENTITY[sdk=iphoneos*]" = "iPhone Developer";
				COPY_PHASE_STRIP = NO;
				DEBUG_INFORMATION_FORMAT = dwarf;
				ENABLE_STRICT_OBJC_MSGSEND = YES;
				ENABLE_TESTABILITY = YES;
				GCC_C_LANGUAGE_STANDARD = gnu99;
				GCC_DYNAMIC_NO_PIC = NO;
				GCC_NO_COMMON_BLOCKS = YES;
				GCC_OPTIMIZATION_LEVEL = 0;
				GCC_PREPROCESSOR_DEFINITIONS = (
					"DEBUG=1",
					"$(inherited)",
				);
				GCC_WARN_64_TO_32_BIT_CONVERSION = YES;
				GCC_WARN_ABOUT_RETURN_TYPE = YES_ERROR;
				GCC_WARN_UNDECLARED_SELECTOR = YES;
				GCC_WARN_UNINITIALIZED_AUTOS = YES_AGGRESSIVE;
				GCC_WARN_UNUSED_FUNCTION = YES;
				GCC_WARN_UNUSED_VARIABLE = YES;
				IPHONEOS_DEPLOYMENT_TARGET = 9.2;
				MTL_ENABLE_DEBUG_INFO = YES;
				ONLY_ACTIVE_ARCH = YES;
				SDKROOT = iphoneos;
			};
			name = Debug;
		};
		04E9CCCC1C9A96C900FA32B9 /* Release */ = {
			isa = XCBuildConfiguration;
			buildSettings = {
				ALWAYS_SEARCH_USER_PATHS = NO;
				CLANG_CXX_LANGUAGE_STANDARD = "gnu++0x";
				CLANG_CXX_LIBRARY = "libc++";
				CLANG_ENABLE_MODULES = YES;
				CLANG_ENABLE_OBJC_ARC = YES;
				CLANG_WARN_BOOL_CONVERSION = YES;
				CLANG_WARN_CONSTANT_CONVERSION = YES;
				CLANG_WARN_DIRECT_OBJC_ISA_USAGE = YES_ERROR;
				CLANG_WARN_EMPTY_BODY = YES;
				CLANG_WARN_ENUM_CONVERSION = YES;
				CLANG_WARN_INT_CONVERSION = YES;
				CLANG_WARN_OBJC_ROOT_CLASS = YES_ERROR;
				CLANG_WARN_UNREACHABLE_CODE = YES;
				CLANG_WARN__DUPLICATE_METHOD_MATCH = YES;
				"CODE_SIGN_IDENTITY[sdk=iphoneos*]" = "iPhone Developer";
				COPY_PHASE_STRIP = NO;
				DEBUG_INFORMATION_FORMAT = "dwarf-with-dsym";
				ENABLE_NS_ASSERTIONS = NO;
				ENABLE_STRICT_OBJC_MSGSEND = YES;
				GCC_C_LANGUAGE_STANDARD = gnu99;
				GCC_NO_COMMON_BLOCKS = YES;
				GCC_WARN_64_TO_32_BIT_CONVERSION = YES;
				GCC_WARN_ABOUT_RETURN_TYPE = YES_ERROR;
				GCC_WARN_UNDECLARED_SELECTOR = YES;
				GCC_WARN_UNINITIALIZED_AUTOS = YES_AGGRESSIVE;
				GCC_WARN_UNUSED_FUNCTION = YES;
				GCC_WARN_UNUSED_VARIABLE = YES;
				IPHONEOS_DEPLOYMENT_TARGET = 9.2;
				MTL_ENABLE_DEBUG_INFO = NO;
				SDKROOT = iphoneos;
				VALIDATE_PRODUCT = YES;
			};
			name = Release;
		};
		04E9CCCE1C9A96C900FA32B9 /* Debug */ = {
			isa = XCBuildConfiguration;
			buildSettings = {
				ASSETCATALOG_COMPILER_APPICON_NAME = AppIcon;
				INFOPLIST_FILE = Internationalization/Info.plist;
				LD_RUNPATH_SEARCH_PATHS = "$(inherited) @executable_path/Frameworks";
				PRODUCT_BUNDLE_IDENTIFIER = com.SevenDream.Internationalization;
				PRODUCT_NAME = "$(TARGET_NAME)";
			};
			name = Debug;
		};
		04E9CCCF1C9A96C900FA32B9 /* Release */ = {
			isa = XCBuildConfiguration;
			buildSettings = {
				ASSETCATALOG_COMPILER_APPICON_NAME = AppIcon;
				INFOPLIST_FILE = Internationalization/Info.plist;
				LD_RUNPATH_SEARCH_PATHS = "$(inherited) @executable_path/Frameworks";
				PRODUCT_BUNDLE_IDENTIFIER = com.SevenDream.Internationalization;
				PRODUCT_NAME = "$(TARGET_NAME)";
			};
			name = Release;
		};
/* End XCBuildConfiguration section */

/* Begin XCConfigurationList section */
		04E9CCB11C9A96C800FA32B9 /* Build configuration list for PBXProject "Internationalization" */ = {
			isa = XCConfigurationList;
			buildConfigurations = (
				04E9CCCB1C9A96C900FA32B9 /* Debug */,
				04E9CCCC1C9A96C900FA32B9 /* Release */,
			);
			defaultConfigurationIsVisible = 0;
			defaultConfigurationName = Release;
		};
		04E9CCCD1C9A96C900FA32B9 /* Build configuration list for PBXNativeTarget "Internationalization" */ = {
			isa = XCConfigurationList;
			buildConfigurations = (
				04E9CCCE1C9A96C900FA32B9 /* Debug */,
				04E9CCCF1C9A96C900FA32B9 /* Release */,
			);
			defaultConfigurationIsVisible = 0;
		};
/* End XCConfigurationList section */
	};
	rootObject = 04E9CCAE1C9A96C800FA32B9 /* Project object */;
}
