// !$*UTF8*$!
{
	archiveVersion = 1;
	classes = {
	};
	objectVersion = 46;
	objects = {

/* Begin PBXBuildFile section */
		04E254271C92FED000ECDC52 /* main.m in Sources */ = {isa = PBXBuildFile; fileRef = 04E254261C92FED000ECDC52 /* main.m */; };
		04E2542A1C92FED000ECDC52 /* AppDelegate.m in Sources */ = {isa = PBXBuildFile; fileRef = 04E254291C92FED000ECDC52 /* AppDelegate.m */; };
		04E2542D1C92FED000ECDC52 /* ViewController.m in Sources */ = {isa = PBXBuildFile; fileRef = 04E2542C1C92FED000ECDC52 /* ViewController.m */; };
		04E254301C92FED000ECDC52 /* Main.storyboard in Resources */ = {isa = PBXBuildFile; fileRef = 04E2542E1C92FED000ECDC52 /* Main.storyboard */; };
		04E254321C92FED000ECDC52 /* Assets.xcassets in Resources */ = {isa = PBXBuildFile; fileRef = 04E254311C92FED000ECDC52 /* Assets.xcassets */; };
		04E254351C92FED000ECDC52 /* LaunchScreen.storyboard in Resources */ = {isa = PBXBuildFile; fileRef = 04E254331C92FED000ECDC52 /* LaunchScreen.storyboard */; };
/* End PBXBuildFile section */

/* Begin PBXFileReference section */
		04E254221C92FED000ECDC52 /* HuiHuaTest.app */ = {isa = PBXFileReference; explicitFileType = wrapper.application; includeInIndex = 0; path = HuiHuaTest.app; sourceTree = BUILT_PRODUCTS_DIR; };
		04E254261C92FED000ECDC52 /* main.m */ = {isa = PBXFileReference; lastKnownFileType = sourcecode.c.objc; path = main.m; sourceTree = "<group>"; };
		04E254281C92FED000ECDC52 /* AppDelegate.h */ = {isa = PBXFileReference; lastKnownFileType = sourcecode.c.h; path = AppDelegate.h; sourceTree = "<group>"; };
		04E254291C92FED000ECDC52 /* AppDelegate.m */ = {isa = PBXFileReference; lastKnownFileType = sourcecode.c.objc; path = AppDelegate.m; sourceTree = "<group>"; };
		04E2542B1C92FED000ECDC52 /* ViewController.h */ = {isa = PBXFileReference; lastKnownFileType = sourcecode.c.h; path = ViewController.h; sourceTree = "<group>"; };
		04E2542C1C92FED000ECDC52 /* ViewController.m */ = {isa = PBXFileReference; lastKnownFileType = sourcecode.c.objc; path = ViewController.m; sourceTree = "<group>"; };
		04E2542F1C92FED000ECDC52 /* Base */ = {isa = PBXFileReference; lastKnownFileType = file.storyboard; name = Base; path = Base.lproj/Main.storyboard; sourceTree = "<group>"; };
		04E254311C92FED000ECDC52 /* Assets.xcassets */ = {isa = PBXFileReference; lastKnownFileType = folder.assetcatalog; path = Assets.xcassets; sourceTree = "<group>"; };
		04E254341C92FED000ECDC52 /* Base */ = {isa = PBXFileReference; lastKnownFileType = file.storyboard; name = Base; path = Base.lproj/LaunchScreen.storyboard; sourceTree = "<group>"; };
		04E254361C92FED000ECDC52 /* Info.plist */ = {isa = PBXFileReference; lastKnownFileType = text.plist.xml; path = Info.plist; sourceTree = "<group>"; };
/* End PBXFileReference section */

/* Begin PBXFrameworksBuildPhase section */
		04E2541F1C92FED000ECDC52 /* Frameworks */ = {
			isa = PBXFrameworksBuildPhase;
			buildActionMask = 2147483647;
			files = (
			);
			runOnlyForDeploymentPostprocessing = 0;
		};
/* End PBXFrameworksBuildPhase section */

/* Begin PBXGroup section */
		04E254191C92FED000ECDC52 = {
			isa = PBXGroup;
			children = (
				04E254241C92FED000ECDC52 /* HuiHuaTest */,
				04E254231C92FED000ECDC52 /* Products */,
			);
			sourceTree = "<group>";
		};
		04E254231C92FED000ECDC52 /* Products */ = {
			isa = PBXGroup;
			children = (
				04E254221C92FED000ECDC52 /* HuiHuaTest.app */,
			);
			name = Products;
			sourceTree = "<group>";
		};
		04E254241C92FED000ECDC52 /* HuiHuaTest */ = {
			isa = PBXGroup;
			children = (
				04E254281C92FED000ECDC52 /* AppDelegate.h */,
				04E254291C92FED000ECDC52 /* AppDelegate.m */,
				04E2542B1C92FED000ECDC52 /* ViewController.h */,
				04E2542C1C92FED000ECDC52 /* ViewController.m */,
				04E2542E1C92FED000ECDC52 /* Main.storyboard */,
				04E254311C92FED000ECDC52 /* Assets.xcassets */,
				04E254331C92FED000ECDC52 /* LaunchScreen.storyboard */,
				04E254361C92FED000ECDC52 /* Info.plist */,
				04E254251C92FED000ECDC52 /* Supporting Files */,
			);
			path = HuiHuaTest;
			sourceTree = "<group>";
		};
		04E254251C92FED000ECDC52 /* Supporting Files */ = {
			isa = PBXGroup;
			children = (
				04E254261C92FED000ECDC52 /* main.m */,
			);
			name = "Supporting Files";
			sourceTree = "<group>";
		};
/* End PBXGroup section */

/* Begin PBXNativeTarget section */
		04E254211C92FED000ECDC52 /* HuiHuaTest */ = {
			isa = PBXNativeTarget;
			buildConfigurationList = 04E254391C92FED000ECDC52 /* Build configuration list for PBXNativeTarget "HuiHuaTest" */;
			buildPhases = (
				04E2541E1C92FED000ECDC52 /* Sources */,
				04E2541F1C92FED000ECDC52 /* Frameworks */,
				04E254201C92FED000ECDC52 /* Resources */,
			);
			buildRules = (
			);
			dependencies = (
			);
			name = HuiHuaTest;
			productName = HuiHuaTest;
			productReference = 04E254221C92FED000ECDC52 /* HuiHuaTest.app */;
			productType = "com.apple.product-type.application";
		};
/* End PBXNativeTarget section */

/* Begin PBXProject section */
		04E2541A1C92FED000ECDC52 /* Project object */ = {
			isa = PBXProject;
			attributes = {
				LastUpgradeCheck = 0720;
				ORGANIZATIONNAME = Seven;
				TargetAttributes = {
					04E254211C92FED000ECDC52 = {
						CreatedOnToolsVersion = 7.2;
					};
				};
			};
			buildConfigurationList = 04E2541D1C92FED000ECDC52 /* Build configuration list for PBXProject "HuiHuaTest" */;
			compatibilityVersion = "Xcode 3.2";
			developmentRegion = English;
			hasScannedForEncodings = 0;
			knownRegions = (
				en,
				Base,
			);
			mainGroup = 04E254191C92FED000ECDC52;
			productRefGroup = 04E254231C92FED000ECDC52 /* Products */;
			projectDirPath = "";
			projectRoot = "";
			targets = (
				04E254211C92FED000ECDC52 /* HuiHuaTest */,
			);
		};
/* End PBXProject section */

/* Begin PBXResourcesBuildPhase section */
		04E254201C92FED000ECDC52 /* Resources */ = {
			isa = PBXResourcesBuildPhase;
			buildActionMask = 2147483647;
			files = (
				04E254351C92FED000ECDC52 /* LaunchScreen.storyboard in Resources */,
				04E254321C92FED000ECDC52 /* Assets.xcassets in Resources */,
				04E254301C92FED000ECDC52 /* Main.storyboard in Resources */,
			);
			runOnlyForDeploymentPostprocessing = 0;
		};
/* End PBXResourcesBuildPhase section */

/* Begin PBXSourcesBuildPhase section */
		04E2541E1C92FED000ECDC52 /* Sources */ = {
			isa = PBXSourcesBuildPhase;
			buildActionMask = 2147483647;
			files = (
				04E2542D1C92FED000ECDC52 /* ViewController.m in Sources */,
				04E2542A1C92FED000ECDC52 /* AppDelegate.m in Sources */,
				04E254271C92FED000ECDC52 /* main.m in Sources */,
			);
			runOnlyForDeploymentPostprocessing = 0;
		};
/* End PBXSourcesBuildPhase section */

/* Begin PBXVariantGroup section */
		04E2542E1C92FED000ECDC52 /* Main.storyboard */ = {
			isa = PBXVariantGroup;
			children = (
				04E2542F1C92FED000ECDC52 /* Base */,
			);
			name = Main.storyboard;
			sourceTree = "<group>";
		};
		04E254331C92FED000ECDC52 /* LaunchScreen.storyboard */ = {
			isa = PBXVariantGroup;
			children = (
				04E254341C92FED000ECDC52 /* Base */,
			);
			name = LaunchScreen.storyboard;
			sourceTree = "<group>";
		};
/* End PBXVariantGroup section */

/* Begin XCBuildConfiguration section */
		04E254371C92FED000ECDC52 /* Debug */ = {
			isa = XCBuildConfiguration;
			buildSettings = {
				ALWAYS_SEARCH_USER_PATHS = NO;
				CLANG_CXX_LANGUAGE_STANDARD = "gnu++0x";
				CLANG_CXX_LIBRARY = "libc++";
				CLANG_ENABLE_MODULES = YES;
				CLANG_ENABLE_OBJC_ARC = YES;
				CLANG_WARN_BOOL_CONVERSION = YES;
				CLANG_WARN_CONSTANT_CONVERSION = YES;
				CLANG_WARN_DIRECT_OBJC_ISA_USAGE = YES_ERROR;
				CLANG_WARN_EMPTY_BODY = YES;
				CLANG_WARN_ENUM_CONVERSION = YES;
				CLANG_WARN_INT_CONVERSION = YES;
				CLANG_WARN_OBJC_ROOT_CLASS = YES_ERROR;
				CLANG_WARN_UNREACHABLE_CODE = YES;
				CLANG_WARN__DUPLICATE_METHOD_MATCH = YES;
				"CODE_SIGN_IDENTITY[sdk=iphoneos*]" = "iPhone Developer";
				COPY_PHASE_STRIP = NO;
				DEBUG_INFORMATION_FORMAT = dwarf;
				ENABLE_STRICT_OBJC_MSGSEND = YES;
				ENABLE_TESTABILITY = YES;
				GCC_C_LANGUAGE_STANDARD = gnu99;
				GCC_DYNAMIC_NO_PIC = NO;
				GCC_NO_COMMON_BLOCKS = YES;
				GCC_OPTIMIZATION_LEVEL = 0;
				GCC_PREPROCESSOR_DEFINITIONS = (
					"DEBUG=1",
					"$(inherited)",
				);
				GCC_WARN_64_TO_32_BIT_CONVERSION = YES;
				GCC_WARN_ABOUT_RETURN_TYPE = YES_ERROR;
				GCC_WARN_UNDECLARED_SELECTOR = YES;
				GCC_WARN_UNINITIALIZED_AUTOS = YES_AGGRESSIVE;
				GCC_WARN_UNUSED_FUNCTION = YES;
				GCC_WARN_UNUSED_VARIABLE = YES;
				IPHONEOS_DEPLOYMENT_TARGET = 9.2;
				MTL_ENABLE_DEBUG_INFO = YES;
				ONLY_ACTIVE_ARCH = YES;
				SDKROOT = iphoneos;
			};
			name = Debug;
		};
		04E254381C92FED000ECDC52 /* Release */ = {
			isa = XCBuildConfiguration;
			buildSettings = {
				ALWAYS_SEARCH_USER_PATHS = NO;
				CLANG_CXX_LANGUAGE_STANDARD = "gnu++0x";
				CLANG_CXX_LIBRARY = "libc++";
				CLANG_ENABLE_MODULES = YES;
				CLANG_ENABLE_OBJC_ARC = YES;
				CLANG_WARN_BOOL_CONVERSION = YES;
				CLANG_WARN_CONSTANT_CONVERSION = YES;
				CLANG_WARN_DIRECT_OBJC_ISA_USAGE = YES_ERROR;
				CLANG_WARN_EMPTY_BODY = YES;
				CLANG_WARN_ENUM_CONVERSION = YES;
				CLANG_WARN_INT_CONVERSION = YES;
				CLANG_WARN_OBJC_ROOT_CLASS = YES_ERROR;
				CLANG_WARN_UNREACHABLE_CODE = YES;
				CLANG_WARN__DUPLICATE_METHOD_MATCH = YES;
				"CODE_SIGN_IDENTITY[sdk=iphoneos*]" = "iPhone Developer";
				COPY_PHASE_STRIP = NO;
				DEBUG_INFORMATION_FORMAT = "dwarf-with-dsym";
				ENABLE_NS_ASSERTIONS = NO;
				ENABLE_STRICT_OBJC_MSGSEND = YES;
				GCC_C_LANGUAGE_STANDARD = gnu99;
				GCC_NO_COMMON_BLOCKS = YES;
				GCC_WARN_64_TO_32_BIT_CONVERSION = YES;
				GCC_WARN_ABOUT_RETURN_TYPE = YES_ERROR;
				GCC_WARN_UNDECLARED_SELECTOR = YES;
				GCC_WARN_UNINITIALIZED_AUTOS = YES_AGGRESSIVE;
				GCC_WARN_UNUSED_FUNCTION = YES;
				GCC_WARN_UNUSED_VARIABLE = YES;
				IPHONEOS_DEPLOYMENT_TARGET = 9.2;
				MTL_ENABLE_DEBUG_INFO = NO;
				SDKROOT = iphoneos;
				VALIDATE_PRODUCT = YES;
			};
			name = Release;
		};
		04E2543A1C92FED000ECDC52 /* Debug */ = {
			isa = XCBuildConfiguration;
			buildSettings = {
				ASSETCATALOG_COMPILER_APPICON_NAME = AppIcon;
				INFOPLIST_FILE = HuiHuaTest/Info.plist;
				LD_RUNPATH_SEARCH_PATHS = "$(inherited) @executable_path/Frameworks";
				PRODUCT_BUNDLE_IDENTIFIER = com.SevenDream.HuiHuaTest;
				PRODUCT_NAME = "$(TARGET_NAME)";
			};
			name = Debug;
		};
		04E2543B1C92FED000ECDC52 /* Release */ = {
			isa = XCBuildConfiguration;
			buildSettings = {
				ASSETCATALOG_COMPILER_APPICON_NAME = AppIcon;
				INFOPLIST_FILE = HuiHuaTest/Info.plist;
				LD_RUNPATH_SEARCH_PATHS = "$(inherited) @executable_path/Frameworks";
				PRODUCT_BUNDLE_IDENTIFIER = com.SevenDream.HuiHuaTest;
				PRODUCT_NAME = "$(TARGET_NAME)";
			};
			name = Release;
		};
/* End XCBuildConfiguration section */

/* Begin XCConfigurationList section */
		04E2541D1C92FED000ECDC52 /* Build configuration list for PBXProject "HuiHuaTest" */ = {
			isa = XCConfigurationList;
			buildConfigurations = (
				04E254371C92FED000ECDC52 /* Debug */,
				04E254381C92FED000ECDC52 /* Release */,
			);
			defaultConfigurationIsVisible = 0;
			defaultConfigurationName = Release;
		};
		04E254391C92FED000ECDC52 /* Build configuration list for PBXNativeTarget "HuiHuaTest" */ = {
			isa = XCConfigurationList;
			buildConfigurations = (
				04E2543A1C92FED000ECDC52 /* Debug */,
				04E2543B1C92FED000ECDC52 /* Release */,
			);
			defaultConfigurationIsVisible = 0;
		};
/* End XCConfigurationList section */
	};
	rootObject = 04E2541A1C92FED000ECDC52 /* Project object */;
}
