// !$*UTF8*$!
{
	archiveVersion = 1;
	classes = {
	};
	objectVersion = 46;
	objects = {

/* Begin PBXBuildFile section */
		04F3F8A81C7E8CFA006A1263 /* main.m in Sources */ = {isa = PBXBuildFile; fileRef = 04F3F8A71C7E8CFA006A1263 /* main.m */; };
		04F3F8AB1C7E8CFA006A1263 /* AppDelegate.m in Sources */ = {isa = PBXBuildFile; fileRef = 04F3F8AA1C7E8CFA006A1263 /* AppDelegate.m */; };
		04F3F8AE1C7E8CFA006A1263 /* ViewController.m in Sources */ = {isa = PBXBuildFile; fileRef = 04F3F8AD1C7E8CFA006A1263 /* ViewController.m */; };
		04F3F8B11C7E8CFA006A1263 /* Main.storyboard in Resources */ = {isa = PBXBuildFile; fileRef = 04F3F8AF1C7E8CFA006A1263 /* Main.storyboard */; };
		04F3F8B31C7E8CFA006A1263 /* Assets.xcassets in Resources */ = {isa = PBXBuildFile; fileRef = 04F3F8B21C7E8CFA006A1263 /* Assets.xcassets */; };
		04F3F8B61C7E8CFA006A1263 /* LaunchScreen.storyboard in Resources */ = {isa = PBXBuildFile; fileRef = 04F3F8B41C7E8CFA006A1263 /* LaunchScreen.storyboard */; };
/* End PBXBuildFile section */

/* Begin PBXFileReference section */
		04F3F8A31C7E8CFA006A1263 /* BlockTest.app */ = {isa = PBXFileReference; explicitFileType = wrapper.application; includeInIndex = 0; path = BlockTest.app; sourceTree = BUILT_PRODUCTS_DIR; };
		04F3F8A71C7E8CFA006A1263 /* main.m */ = {isa = PBXFileReference; lastKnownFileType = sourcecode.c.objc; path = main.m; sourceTree = "<group>"; };
		04F3F8A91C7E8CFA006A1263 /* AppDelegate.h */ = {isa = PBXFileReference; lastKnownFileType = sourcecode.c.h; path = AppDelegate.h; sourceTree = "<group>"; };
		04F3F8AA1C7E8CFA006A1263 /* AppDelegate.m */ = {isa = PBXFileReference; lastKnownFileType = sourcecode.c.objc; path = AppDelegate.m; sourceTree = "<group>"; };
		04F3F8AC1C7E8CFA006A1263 /* ViewController.h */ = {isa = PBXFileReference; lastKnownFileType = sourcecode.c.h; path = ViewController.h; sourceTree = "<group>"; };
		04F3F8AD1C7E8CFA006A1263 /* ViewController.m */ = {isa = PBXFileReference; lastKnownFileType = sourcecode.c.objc; path = ViewController.m; sourceTree = "<group>"; };
		04F3F8B01C7E8CFA006A1263 /* Base */ = {isa = PBXFileReference; lastKnownFileType = file.storyboard; name = Base; path = Base.lproj/Main.storyboard; sourceTree = "<group>"; };
		04F3F8B21C7E8CFA006A1263 /* Assets.xcassets */ = {isa = PBXFileReference; lastKnownFileType = folder.assetcatalog; path = Assets.xcassets; sourceTree = "<group>"; };
		04F3F8B51C7E8CFA006A1263 /* Base */ = {isa = PBXFileReference; lastKnownFileType = file.storyboard; name = Base; path = Base.lproj/LaunchScreen.storyboard; sourceTree = "<group>"; };
		04F3F8B71C7E8CFA006A1263 /* Info.plist */ = {isa = PBXFileReference; lastKnownFileType = text.plist.xml; path = Info.plist; sourceTree = "<group>"; };
/* End PBXFileReference section */

/* Begin PBXFrameworksBuildPhase section */
		04F3F8A01C7E8CFA006A1263 /* Frameworks */ = {
			isa = PBXFrameworksBuildPhase;
			buildActionMask = 2147483647;
			files = (
			);
			runOnlyForDeploymentPostprocessing = 0;
		};
/* End PBXFrameworksBuildPhase section */

/* Begin PBXGroup section */
		04F3F89A1C7E8CFA006A1263 = {
			isa = PBXGroup;
			children = (
				04F3F8A51C7E8CFA006A1263 /* BlockTest */,
				04F3F8A41C7E8CFA006A1263 /* Products */,
			);
			sourceTree = "<group>";
		};
		04F3F8A41C7E8CFA006A1263 /* Products */ = {
			isa = PBXGroup;
			children = (
				04F3F8A31C7E8CFA006A1263 /* BlockTest.app */,
			);
			name = Products;
			sourceTree = "<group>";
		};
		04F3F8A51C7E8CFA006A1263 /* BlockTest */ = {
			isa = PBXGroup;
			children = (
				04F3F8A91C7E8CFA006A1263 /* AppDelegate.h */,
				04F3F8AA1C7E8CFA006A1263 /* AppDelegate.m */,
				04F3F8AC1C7E8CFA006A1263 /* ViewController.h */,
				04F3F8AD1C7E8CFA006A1263 /* ViewController.m */,
				04F3F8AF1C7E8CFA006A1263 /* Main.storyboard */,
				04F3F8B21C7E8CFA006A1263 /* Assets.xcassets */,
				04F3F8B41C7E8CFA006A1263 /* LaunchScreen.storyboard */,
				04F3F8B71C7E8CFA006A1263 /* Info.plist */,
				04F3F8A61C7E8CFA006A1263 /* Supporting Files */,
			);
			path = BlockTest;
			sourceTree = "<group>";
		};
		04F3F8A61C7E8CFA006A1263 /* Supporting Files */ = {
			isa = PBXGroup;
			children = (
				04F3F8A71C7E8CFA006A1263 /* main.m */,
			);
			name = "Supporting Files";
			sourceTree = "<group>";
		};
/* End PBXGroup section */

/* Begin PBXNativeTarget section */
		04F3F8A21C7E8CFA006A1263 /* BlockTest */ = {
			isa = PBXNativeTarget;
			buildConfigurationList = 04F3F8BA1C7E8CFA006A1263 /* Build configuration list for PBXNativeTarget "BlockTest" */;
			buildPhases = (
				04F3F89F1C7E8CFA006A1263 /* Sources */,
				04F3F8A01C7E8CFA006A1263 /* Frameworks */,
				04F3F8A11C7E8CFA006A1263 /* Resources */,
			);
			buildRules = (
			);
			dependencies = (
			);
			name = BlockTest;
			productName = BlockTest;
			productReference = 04F3F8A31C7E8CFA006A1263 /* BlockTest.app */;
			productType = "com.apple.product-type.application";
		};
/* End PBXNativeTarget section */

/* Begin PBXProject section */
		04F3F89B1C7E8CFA006A1263 /* Project object */ = {
			isa = PBXProject;
			attributes = {
				LastUpgradeCheck = 0720;
				ORGANIZATIONNAME = Seven;
				TargetAttributes = {
					04F3F8A21C7E8CFA006A1263 = {
						CreatedOnToolsVersion = 7.2;
					};
				};
			};
			buildConfigurationList = 04F3F89E1C7E8CFA006A1263 /* Build configuration list for PBXProject "BlockTest" */;
			compatibilityVersion = "Xcode 3.2";
			developmentRegion = English;
			hasScannedForEncodings = 0;
			knownRegions = (
				en,
				Base,
			);
			mainGroup = 04F3F89A1C7E8CFA006A1263;
			productRefGroup = 04F3F8A41C7E8CFA006A1263 /* Products */;
			projectDirPath = "";
			projectRoot = "";
			targets = (
				04F3F8A21C7E8CFA006A1263 /* BlockTest */,
			);
		};
/* End PBXProject section */

/* Begin PBXResourcesBuildPhase section */
		04F3F8A11C7E8CFA006A1263 /* Resources */ = {
			isa = PBXResourcesBuildPhase;
			buildActionMask = 2147483647;
			files = (
				04F3F8B61C7E8CFA006A1263 /* LaunchScreen.storyboard in Resources */,
				04F3F8B31C7E8CFA006A1263 /* Assets.xcassets in Resources */,
				04F3F8B11C7E8CFA006A1263 /* Main.storyboard in Resources */,
			);
			runOnlyForDeploymentPostprocessing = 0;
		};
/* End PBXResourcesBuildPhase section */

/* Begin PBXSourcesBuildPhase section */
		04F3F89F1C7E8CFA006A1263 /* Sources */ = {
			isa = PBXSourcesBuildPhase;
			buildActionMask = 2147483647;
			files = (
				04F3F8AE1C7E8CFA006A1263 /* ViewController.m in Sources */,
				04F3F8AB1C7E8CFA006A1263 /* AppDelegate.m in Sources */,
				04F3F8A81C7E8CFA006A1263 /* main.m in Sources */,
			);
			runOnlyForDeploymentPostprocessing = 0;
		};
/* End PBXSourcesBuildPhase section */

/* Begin PBXVariantGroup section */
		04F3F8AF1C7E8CFA006A1263 /* Main.storyboard */ = {
			isa = PBXVariantGroup;
			children = (
				04F3F8B01C7E8CFA006A1263 /* Base */,
			);
			name = Main.storyboard;
			sourceTree = "<group>";
		};
		04F3F8B41C7E8CFA006A1263 /* LaunchScreen.storyboard */ = {
			isa = PBXVariantGroup;
			children = (
				04F3F8B51C7E8CFA006A1263 /* Base */,
			);
			name = LaunchScreen.storyboard;
			sourceTree = "<group>";
		};
/* End PBXVariantGroup section */

/* Begin XCBuildConfiguration section */
		04F3F8B81C7E8CFA006A1263 /* Debug */ = {
			isa = XCBuildConfiguration;
			buildSettings = {
				ALWAYS_SEARCH_USER_PATHS = NO;
				CLANG_CXX_LANGUAGE_STANDARD = "gnu++0x";
				CLANG_CXX_LIBRARY = "libc++";
				CLANG_ENABLE_MODULES = YES;
				CLANG_ENABLE_OBJC_ARC = YES;
				CLANG_WARN_BOOL_CONVERSION = YES;
				CLANG_WARN_CONSTANT_CONVERSION = YES;
				CLANG_WARN_DIRECT_OBJC_ISA_USAGE = YES_ERROR;
				CLANG_WARN_EMPTY_BODY = YES;
				CLANG_WARN_ENUM_CONVERSION = YES;
				CLANG_WARN_INT_CONVERSION = YES;
				CLANG_WARN_OBJC_ROOT_CLASS = YES_ERROR;
				CLANG_WARN_UNREACHABLE_CODE = YES;
				CLANG_WARN__DUPLICATE_METHOD_MATCH = YES;
				"CODE_SIGN_IDENTITY[sdk=iphoneos*]" = "iPhone Developer";
				COPY_PHASE_STRIP = NO;
				DEBUG_INFORMATION_FORMAT = dwarf;
				ENABLE_STRICT_OBJC_MSGSEND = YES;
				ENABLE_TESTABILITY = YES;
				GCC_C_LANGUAGE_STANDARD = gnu99;
				GCC_DYNAMIC_NO_PIC = NO;
				GCC_NO_COMMON_BLOCKS = YES;
				GCC_OPTIMIZATION_LEVEL = 0;
				GCC_PREPROCESSOR_DEFINITIONS = (
					"DEBUG=1",
					"$(inherited)",
				);
				GCC_WARN_64_TO_32_BIT_CONVERSION = YES;
				GCC_WARN_ABOUT_RETURN_TYPE = YES_ERROR;
				GCC_WARN_UNDECLARED_SELECTOR = YES;
				GCC_WARN_UNINITIALIZED_AUTOS = YES_AGGRESSIVE;
				GCC_WARN_UNUSED_FUNCTION = YES;
				GCC_WARN_UNUSED_VARIABLE = YES;
				IPHONEOS_DEPLOYMENT_TARGET = 9.2;
				MTL_ENABLE_DEBUG_INFO = YES;
				ONLY_ACTIVE_ARCH = YES;
				SDKROOT = iphoneos;
			};
			name = Debug;
		};
		04F3F8B91C7E8CFA006A1263 /* Release */ = {
			isa = XCBuildConfiguration;
			buildSettings = {
				ALWAYS_SEARCH_USER_PATHS = NO;
				CLANG_CXX_LANGUAGE_STANDARD = "gnu++0x";
				CLANG_CXX_LIBRARY = "libc++";
				CLANG_ENABLE_MODULES = YES;
				CLANG_ENABLE_OBJC_ARC = YES;
				CLANG_WARN_BOOL_CONVERSION = YES;
				CLANG_WARN_CONSTANT_CONVERSION = YES;
				CLANG_WARN_DIRECT_OBJC_ISA_USAGE = YES_ERROR;
				CLANG_WARN_EMPTY_BODY = YES;
				CLANG_WARN_ENUM_CONVERSION = YES;
				CLANG_WARN_INT_CONVERSION = YES;
				CLANG_WARN_OBJC_ROOT_CLASS = YES_ERROR;
				CLANG_WARN_UNREACHABLE_CODE = YES;
				CLANG_WARN__DUPLICATE_METHOD_MATCH = YES;
				"CODE_SIGN_IDENTITY[sdk=iphoneos*]" = "iPhone Developer";
				COPY_PHASE_STRIP = NO;
				DEBUG_INFORMATION_FORMAT = "dwarf-with-dsym";
				ENABLE_NS_ASSERTIONS = NO;
				ENABLE_STRICT_OBJC_MSGSEND = YES;
				GCC_C_LANGUAGE_STANDARD = gnu99;
				GCC_NO_COMMON_BLOCKS = YES;
				GCC_WARN_64_TO_32_BIT_CONVERSION = YES;
				GCC_WARN_ABOUT_RETURN_TYPE = YES_ERROR;
				GCC_WARN_UNDECLARED_SELECTOR = YES;
				GCC_WARN_UNINITIALIZED_AUTOS = YES_AGGRESSIVE;
				GCC_WARN_UNUSED_FUNCTION = YES;
				GCC_WARN_UNUSED_VARIABLE = YES;
				IPHONEOS_DEPLOYMENT_TARGET = 9.2;
				MTL_ENABLE_DEBUG_INFO = NO;
				SDKROOT = iphoneos;
				VALIDATE_PRODUCT = YES;
			};
			name = Release;
		};
		04F3F8BB1C7E8CFA006A1263 /* Debug */ = {
			isa = XCBuildConfiguration;
			buildSettings = {
				ASSETCATALOG_COMPILER_APPICON_NAME = AppIcon;
				INFOPLIST_FILE = BlockTest/Info.plist;
				LD_RUNPATH_SEARCH_PATHS = "$(inherited) @executable_path/Frameworks";
				PRODUCT_BUNDLE_IDENTIFIER = com.Seven.BlockTest;
				PRODUCT_NAME = "$(TARGET_NAME)";
			};
			name = Debug;
		};
		04F3F8BC1C7E8CFA006A1263 /* Release */ = {
			isa = XCBuildConfiguration;
			buildSettings = {
				ASSETCATALOG_COMPILER_APPICON_NAME = AppIcon;
				INFOPLIST_FILE = BlockTest/Info.plist;
				LD_RUNPATH_SEARCH_PATHS = "$(inherited) @executable_path/Frameworks";
				PRODUCT_BUNDLE_IDENTIFIER = com.Seven.BlockTest;
				PRODUCT_NAME = "$(TARGET_NAME)";
			};
			name = Release;
		};
/* End XCBuildConfiguration section */

/* Begin XCConfigurationList section */
		04F3F89E1C7E8CFA006A1263 /* Build configuration list for PBXProject "BlockTest" */ = {
			isa = XCConfigurationList;
			buildConfigurations = (
				04F3F8B81C7E8CFA006A1263 /* Debug */,
				04F3F8B91C7E8CFA006A1263 /* Release */,
			);
			defaultConfigurationIsVisible = 0;
			defaultConfigurationName = Release;
		};
		04F3F8BA1C7E8CFA006A1263 /* Build configuration list for PBXNativeTarget "BlockTest" */ = {
			isa = XCConfigurationList;
			buildConfigurations = (
				04F3F8BB1C7E8CFA006A1263 /* Debug */,
				04F3F8BC1C7E8CFA006A1263 /* Release */,
			);
			defaultConfigurationIsVisible = 0;
		};
/* End XCConfigurationList section */
	};
	rootObject = 04F3F89B1C7E8CFA006A1263 /* Project object */;
}
